
Microsoft Visual Studio Solution File, Format Version 12.00
# Visual Studio Version 16
VisualStudioVersion = 16.0.30002.166
MinimumVisualStudioVersion = 10.0.40219.1
Project("{FAE04EC0-301F-11D3-BF4B-00C04F79EFBC}") = "SimpleShooterGame", "SimpleShooterGame.csproj", "{6128C809-F9B1-4117-B368-E300C76DAC0A}"
EndProject
Global
	GlobalSection(SolutionConfigurationPlatforms) = preSolution
		Debug|Any CPU = Debug|Any CPU
		Release|Any CPU = Release|Any CPU
	EndGlobalSection
	GlobalSection(ProjectConfigurationPlatforms) = postSolution
		{6128C809-F9B1-4117-B368-E300C76DAC0A}.Debug|Any CPU.ActiveCfg = Debug|Any CPU
		{6128C809-F9B1-4117-B368-E300C76DAC0A}.Debug|Any CPU.Build.0 = Debug|Any CPU
		{6128C809-F9B1-4117-B368-E300C76DAC0A}.Release|Any CPU.ActiveCfg = Release|Any CPU
		{6128C809-F9B1-4117-B368-E300C76DAC0A}.Release|Any CPU.Build.0 = Release|Any CPU
	EndGlobalSection
	GlobalSection(SolutionProperties) = preSolution
		HideSolutionNode = FALSE
	EndGlobalSection
	GlobalSection(ExtensibilityGlobals) = postSolution
		SolutionGuid = {6D8F198A-B6FA-464A-8534-6A6F7429295C}
	EndGlobalSection
EndGlobal
